
Microsoft Visual Studio Solution File, Format Version 12.00
# Visual Studio Version 17
VisualStudioVersion = 17.9.34728.123
MinimumVisualStudioVersion = 10.0.40219.1
Project("{FAE04EC0-301F-11D3-BF4B-00C04F79EFBC}") = "Asterisks", "Asterisks\Asterisks.csproj", "{78DBB29B-8C33-464C-A0DF-EC40226B2606}"
EndProject
Global
	GlobalSection(SolutionConfigurationPlatforms) = preSolution
		Debug|Any CPU = Debug|Any CPU
		Release|Any CPU = Release|Any CPU
	EndGlobalSection
	GlobalSection(ProjectConfigurationPlatforms) = postSolution
		{78DBB29B-8C33-464C-A0DF-EC40226B2606}.Debug|Any CPU.ActiveCfg = Debug|Any CPU
		{78DBB29B-8C33-464C-A0DF-EC40226B2606}.Debug|Any CPU.Build.0 = Debug|Any CPU
		{78DBB29B-8C33-464C-A0DF-EC40226B2606}.Release|Any CPU.ActiveCfg = Release|Any CPU
		{78DBB29B-8C33-464C-A0DF-EC40226B2606}.Release|Any CPU.Build.0 = Release|Any CPU
	EndGlobalSection
	GlobalSection(SolutionProperties) = preSolution
		HideSolutionNode = FALSE
	EndGlobalSection
	GlobalSection(ExtensibilityGlobals) = postSolution
		SolutionGuid = {2A91C38D-D574-4253-BE24-D569CB39F1F8}
	EndGlobalSection
EndGlobal
